
Microsoft Visual Studio Solution File, Format Version 12.00
# Visual Studio Version 16
VisualStudioVersion = 16.0.31005.135
MinimumVisualStudioVersion = 10.0.40219.1
Project("{FAE04EC0-301F-11D3-BF4B-00C04F79EFBC}") = "Pathfinding", "Pathfinding\Pathfinding.csproj", "{B33984FB-1669-4BD5-89AA-4A08DFF2A020}"
EndProject
Global
	GlobalSection(SolutionConfigurationPlatforms) = preSolution
		Debug|Any CPU = Debug|Any CPU
		Release|Any CPU = Release|Any CPU
	EndGlobalSection
	GlobalSection(ProjectConfigurationPlatforms) = postSolution
		{B33984FB-1669-4BD5-89AA-4A08DFF2A020}.Debug|Any CPU.ActiveCfg = Debug|Any CPU
		{B33984FB-1669-4BD5-89AA-4A08DFF2A020}.Debug|Any CPU.Build.0 = Debug|Any CPU
		{B33984FB-1669-4BD5-89AA-4A08DFF2A020}.Release|Any CPU.ActiveCfg = Release|Any CPU
		{B33984FB-1669-4BD5-89AA-4A08DFF2A020}.Release|Any CPU.Build.0 = Release|Any CPU
	EndGlobalSection
	GlobalSection(SolutionProperties) = preSolution
		HideSolutionNode = FALSE
	EndGlobalSection
	GlobalSection(ExtensibilityGlobals) = postSolution
		SolutionGuid = {EA62C7F8-3CEA-462A-A126-82DA3EB96DD6}
	EndGlobalSection
EndGlobal
